// !$*UTF8*$!
{
	archiveVersion = 1;
	classes = {
	};
	objectVersion = 50;
	objects = {

/* Begin PBXBuildFile section */
		860BCFDF261C4AD900AB79A4 /* AddView.swift in Sources */ = {isa = PBXBuildFile; fileRef = 860BCFDE261C4AD900AB79A4 /* AddView.swift */; };
		860BCFE2261C4AE300AB79A4 /* DetailView.swift in Sources */ = {isa = PBXBuildFile; fileRef = 860BCFE1261C4AE300AB79A4 /* DetailView.swift */; };
		86499B45261656D500901BAB /* HabitRabbitApp.swift in Sources */ = {isa = PBXBuildFile; fileRef = 86499B44261656D500901BAB /* HabitRabbitApp.swift */; };
		86499B47261656D500901BAB /* ContentView.swift in Sources */ = {isa = PBXBuildFile; fileRef = 86499B46261656D500901BAB /* ContentView.swift */; };
		86499B49261656DD00901BAB /* Assets.xcassets in Resources */ = {isa = PBXBuildFile; fileRef = 86499B48261656DD00901BAB /* Assets.xcassets */; };
		86499B4C261656DD00901BAB /* Preview Assets.xcassets in Resources */ = {isa = PBXBuildFile; fileRef = 86499B4B261656DD00901BAB /* Preview Assets.xcassets */; };
		86499B55261658ED00901BAB /* Habit.swift in Sources */ = {isa = PBXBuildFile; fileRef = 86499B54261658ED00901BAB /* Habit.swift */; };
		86FB55612624D6EA00CBF09B /* Bubble.swift in Sources */ = {isa = PBXBuildFile; fileRef = 86FB55602624D6EA00CBF09B /* Bubble.swift */; };
/* End PBXBuildFile section */

/* Begin PBXFileReference section */
		860BCFDE261C4AD900AB79A4 /* AddView.swift */ = {isa = PBXFileReference; lastKnownFileType = sourcecode.swift; path = AddView.swift; sourceTree = "<group>"; };
		860BCFE1261C4AE300AB79A4 /* DetailView.swift */ = {isa = PBXFileReference; lastKnownFileType = sourcecode.swift; path = DetailView.swift; sourceTree = "<group>"; };
		86499B41261656D500901BAB /* HabitRabbit.app */ = {isa = PBXFileReference; explicitFileType = wrapper.application; includeInIndex = 0; path = HabitRabbit.app; sourceTree = BUILT_PRODUCTS_DIR; };
		86499B44261656D500901BAB /* HabitRabbitApp.swift */ = {isa = PBXFileReference; lastKnownFileType = sourcecode.swift; path = HabitRabbitApp.swift; sourceTree = "<group>"; };
		86499B46261656D500901BAB /* ContentView.swift */ = {isa = PBXFileReference; lastKnownFileType = sourcecode.swift; path = ContentView.swift; sourceTree = "<group>"; };
		86499B48261656DD00901BAB /* Assets.xcassets */ = {isa = PBXFileReference; lastKnownFileType = folder.assetcatalog; path = Assets.xcassets; sourceTree = "<group>"; };
		86499B4B261656DD00901BAB /* Preview Assets.xcassets */ = {isa = PBXFileReference; lastKnownFileType = folder.assetcatalog; path = "Preview Assets.xcassets"; sourceTree = "<group>"; };
		86499B4D261656DD00901BAB /* Info.plist */ = {isa = PBXFileReference; lastKnownFileType = text.plist.xml; path = Info.plist; sourceTree = "<group>"; };
		86499B54261658ED00901BAB /* Habit.swift */ = {isa = PBXFileReference; lastKnownFileType = sourcecode.swift; path = Habit.swift; sourceTree = "<group>"; };
		86FB55602624D6EA00CBF09B /* Bubble.swift */ = {isa = PBXFileReference; lastKnownFileType = sourcecode.swift; path = Bubble.swift; sourceTree = "<group>"; };
/* End PBXFileReference section */

/* Begin PBXFrameworksBuildPhase section */
		86499B3E261656D500901BAB /* Frameworks */ = {
			isa = PBXFrameworksBuildPhase;
			buildActionMask = 2147483647;
			files = (
			);
			runOnlyForDeploymentPostprocessing = 0;
		};
/* End PBXFrameworksBuildPhase section */

/* Begin PBXGroup section */
		86499B38261656D500901BAB = {
			isa = PBXGroup;
			children = (
				86499B43261656D500901BAB /* HabitRabbit */,
				86499B42261656D500901BAB /* Products */,
			);
			sourceTree = "<group>";
		};
		86499B42261656D500901BAB /* Products */ = {
			isa = PBXGroup;
			children = (
				86499B41261656D500901BAB /* HabitRabbit.app */,
			);
			name = Products;
			sourceTree = "<group>";
		};
		86499B43261656D500901BAB /* HabitRabbit */ = {
			isa = PBXGroup;
			children = (
				86499B44261656D500901BAB /* HabitRabbitApp.swift */,
				86499B46261656D500901BAB /* ContentView.swift */,
				860BCFDE261C4AD900AB79A4 /* AddView.swift */,
				860BCFE1261C4AE300AB79A4 /* DetailView.swift */,
				86FB55602624D6EA00CBF09B /* Bubble.swift */,
				86499B54261658ED00901BAB /* Habit.swift */,
				86499B48261656DD00901BAB /* Assets.xcassets */,
				86499B4D261656DD00901BAB /* Info.plist */,
				86499B4A261656DD00901BAB /* Preview Content */,
			);
			path = HabitRabbit;
			sourceTree = "<group>";
		};
		86499B4A261656DD00901BAB /* Preview Content */ = {
			isa = PBXGroup;
			children = (
				86499B4B261656DD00901BAB /* Preview Assets.xcassets */,
			);
			path = "Preview Content";
			sourceTree = "<group>";
		};
/* End PBXGroup section */

/* Begin PBXNativeTarget section */
		86499B40261656D500901BAB /* HabitRabbit */ = {
			isa = PBXNativeTarget;
			buildConfigurationList = 86499B50261656DD00901BAB /* Build configuration list for PBXNativeTarget "HabitRabbit" */;
			buildPhases = (
				86499B3D261656D500901BAB /* Sources */,
				86499B3E261656D500901BAB /* Frameworks */,
				86499B3F261656D500901BAB /* Resources */,
			);
			buildRules = (
			);
			dependencies = (
			);
			name = HabitRabbit;
			productName = HabitRabbit;
			productReference = 86499B41261656D500901BAB /* HabitRabbit.app */;
			productType = "com.apple.product-type.application";
		};
/* End PBXNativeTarget section */

/* Begin PBXProject section */
		86499B39261656D500901BAB /* Project object */ = {
			isa = PBXProject;
			attributes = {
				LastSwiftUpdateCheck = 1240;
				LastUpgradeCheck = 1240;
				TargetAttributes = {
					86499B40261656D500901BAB = {
						CreatedOnToolsVersion = 12.4;
					};
				};
			};
			buildConfigurationList = 86499B3C261656D500901BAB /* Build configuration list for PBXProject "HabitRabbit" */;
			compatibilityVersion = "Xcode 9.3";
			developmentRegion = en;
			hasScannedForEncodings = 0;
			knownRegions = (
				en,
				Base,
			);
			mainGroup = 86499B38261656D500901BAB;
			productRefGroup = 86499B42261656D500901BAB /* Products */;
			projectDirPath = "";
			projectRoot = "";
			targets = (
				86499B40261656D500901BAB /* HabitRabbit */,
			);
		};
/* End PBXProject section */

/* Begin PBXResourcesBuildPhase section */
		86499B3F261656D500901BAB /* Resources */ = {
			isa = PBXResourcesBuildPhase;
			buildActionMask = 2147483647;
			files = (
				86499B4C261656DD00901BAB /* Preview Assets.xcassets in Resources */,
				86499B49261656DD00901BAB /* Assets.xcassets in Resources */,
			);
			runOnlyForDeploymentPostprocessing = 0;
		};
/* End PBXResourcesBuildPhase section */

/* Begin PBXSourcesBuildPhase section */
		86499B3D261656D500901BAB /* Sources */ = {
			isa = PBXSourcesBuildPhase;
			buildActionMask = 2147483647;
			files = (
				860BCFDF261C4AD900AB79A4 /* AddView.swift in Sources */,
				86499B55261658ED00901BAB /* Habit.swift in Sources */,
				86499B47261656D500901BAB /* ContentView.swift in Sources */,
				86FB55612624D6EA00CBF09B /* Bubble.swift in Sources */,
				860BCFE2261C4AE300AB79A4 /* DetailView.swift in Sources */,
				86499B45261656D500901BAB /* HabitRabbitApp.swift in Sources */,
			);
			runOnlyForDeploymentPostprocessing = 0;
		};
/* End PBXSourcesBuildPhase section */

/* Begin XCBuildConfiguration section */
		86499B4E261656DD00901BAB /* Debug */ = {
			isa = XCBuildConfiguration;
			buildSettings = {
				ALWAYS_SEARCH_USER_PATHS = NO;
				CLANG_ANALYZER_NONNULL = YES;
				CLANG_ANALYZER_NUMBER_OBJECT_CONVERSION = YES_AGGRESSIVE;
				CLANG_CXX_LANGUAGE_STANDARD = "gnu++14";
				CLANG_CXX_LIBRARY = "libc++";
				CLANG_ENABLE_MODULES = YES;
				CLANG_ENABLE_OBJC_ARC = YES;
				CLANG_ENABLE_OBJC_WEAK = YES;
				CLANG_WARN_BLOCK_CAPTURE_AUTORELEASING = YES;
				CLANG_WARN_BOOL_CONVERSION = YES;
				CLANG_WARN_COMMA = YES;
				CLANG_WARN_CONSTANT_CONVERSION = YES;
				CLANG_WARN_DEPRECATED_OBJC_IMPLEMENTATIONS = YES;
				CLANG_WARN_DIRECT_OBJC_ISA_USAGE = YES_ERROR;
				CLANG_WARN_DOCUMENTATION_COMMENTS = YES;
				CLANG_WARN_EMPTY_BODY = YES;
				CLANG_WARN_ENUM_CONVERSION = YES;
				CLANG_WARN_INFINITE_RECURSION = YES;
				CLANG_WARN_INT_CONVERSION = YES;
				CLANG_WARN_NON_LITERAL_NULL_CONVERSION = YES;
				CLANG_WARN_OBJC_IMPLICIT_RETAIN_SELF = YES;
				CLANG_WARN_OBJC_LITERAL_CONVERSION = YES;
				CLANG_WARN_OBJC_ROOT_CLASS = YES_ERROR;
				CLANG_WARN_QUOTED_INCLUDE_IN_FRAMEWORK_HEADER = YES;
				CLANG_WARN_RANGE_LOOP_ANALYSIS = YES;
				CLANG_WARN_STRICT_PROTOTYPES = YES;
				CLANG_WARN_SUSPICIOUS_MOVE = YES;
				CLANG_WARN_UNGUARDED_AVAILABILITY = YES_AGGRESSIVE;
				CLANG_WARN_UNREACHABLE_CODE = YES;
				CLANG_WARN__DUPLICATE_METHOD_MATCH = YES;
				COPY_PHASE_STRIP = NO;
				DEBUG_INFORMATION_FORMAT = dwarf;
				ENABLE_STRICT_OBJC_MSGSEND = YES;
				ENABLE_TESTABILITY = YES;
				GCC_C_LANGUAGE_STANDARD = gnu11;
				GCC_DYNAMIC_NO_PIC = NO;
				GCC_NO_COMMON_BLOCKS = YES;
				GCC_OPTIMIZATION_LEVEL = 0;
				GCC_PREPROCESSOR_DEFINITIONS = (
					"DEBUG=1",
					"$(inherited)",
				);
				GCC_WARN_64_TO_32_BIT_CONVERSION = YES;
				GCC_WARN_ABOUT_RETURN_TYPE = YES_ERROR;
				GCC_WARN_UNDECLARED_SELECTOR = YES;
				GCC_WARN_UNINITIALIZED_AUTOS = YES_AGGRESSIVE;
				GCC_WARN_UNUSED_FUNCTION = YES;
				GCC_WARN_UNUSED_VARIABLE = YES;
				IPHONEOS_DEPLOYMENT_TARGET = 14.4;
				MTL_ENABLE_DEBUG_INFO = INCLUDE_SOURCE;
				MTL_FAST_MATH = YES;
				ONLY_ACTIVE_ARCH = YES;
				SDKROOT = iphoneos;
				SWIFT_ACTIVE_COMPILATION_CONDITIONS = DEBUG;
				SWIFT_OPTIMIZATION_LEVEL = "-Onone";
			};
			name = Debug;
		};
		86499B4F261656DD00901BAB /* Release */ = {
			isa = XCBuildConfiguration;
			buildSettings = {
				ALWAYS_SEARCH_USER_PATHS = NO;
				CLANG_ANALYZER_NONNULL = YES;
				CLANG_ANALYZER_NUMBER_OBJECT_CONVERSION = YES_AGGRESSIVE;
				CLANG_CXX_LANGUAGE_STANDARD = "gnu++14";
				CLANG_CXX_LIBRARY = "libc++";
				CLANG_ENABLE_MODULES = YES;
				CLANG_ENABLE_OBJC_ARC = YES;
				CLANG_ENABLE_OBJC_WEAK = YES;
				CLANG_WARN_BLOCK_CAPTURE_AUTORELEASING = YES;
				CLANG_WARN_BOOL_CONVERSION = YES;
				CLANG_WARN_COMMA = YES;
				CLANG_WARN_CONSTANT_CONVERSION = YES;
				CLANG_WARN_DEPRECATED_OBJC_IMPLEMENTATIONS = YES;
				CLANG_WARN_DIRECT_OBJC_ISA_USAGE = YES_ERROR;
				CLANG_WARN_DOCUMENTATION_COMMENTS = YES;
				CLANG_WARN_EMPTY_BODY = YES;
				CLANG_WARN_ENUM_CONVERSION = YES;
				CLANG_WARN_INFINITE_RECURSION = YES;
				CLANG_WARN_INT_CONVERSION = YES;
				CLANG_WARN_NON_LITERAL_NULL_CONVERSION = YES;
				CLANG_WARN_OBJC_IMPLICIT_RETAIN_SELF = YES;
				CLANG_WARN_OBJC_LITERAL_CONVERSION = YES;
				CLANG_WARN_OBJC_ROOT_CLASS = YES_ERROR;
				CLANG_WARN_QUOTED_INCLUDE_IN_FRAMEWORK_HEADER = YES;
				CLANG_WARN_RANGE_LOOP_ANALYSIS = YES;
				CLANG_WARN_STRICT_PROTOTYPES = YES;
				CLANG_WARN_SUSPICIOUS_MOVE = YES;
				CLANG_WARN_UNGUARDED_AVAILABILITY = YES_AGGRESSIVE;
				CLANG_WARN_UNREACHABLE_CODE = YES;
				CLANG_WARN__DUPLICATE_METHOD_MATCH = YES;
				COPY_PHASE_STRIP = NO;
				DEBUG_INFORMATION_FORMAT = "dwarf-with-dsym";
				ENABLE_NS_ASSERTIONS = NO;
				ENABLE_STRICT_OBJC_MSGSEND = YES;
				GCC_C_LANGUAGE_STANDARD = gnu11;
				GCC_NO_COMMON_BLOCKS = YES;
				GCC_WARN_64_TO_32_BIT_CONVERSION = YES;
				GCC_WARN_ABOUT_RETURN_TYPE = YES_ERROR;
				GCC_WARN_UNDECLARED_SELECTOR = YES;
				GCC_WARN_UNINITIALIZED_AUTOS = YES_AGGRESSIVE;
				GCC_WARN_UNUSED_FUNCTION = YES;
				GCC_WARN_UNUSED_VARIABLE = YES;
				IPHONEOS_DEPLOYMENT_TARGET = 14.4;
				MTL_ENABLE_DEBUG_INFO = NO;
				MTL_FAST_MATH = YES;
				SDKROOT = iphoneos;
				SWIFT_COMPILATION_MODE = wholemodule;
				SWIFT_OPTIMIZATION_LEVEL = "-O";
				VALIDATE_PRODUCT = YES;
			};
			name = Release;
		};
		86499B51261656DD00901BAB /* Debug */ = {
			isa = XCBuildConfiguration;
			buildSettings = {
				ASSETCATALOG_COMPILER_APPICON_NAME = AppIcon;
				ASSETCATALOG_COMPILER_GLOBAL_ACCENT_COLOR_NAME = AccentColor;
				CODE_SIGN_STYLE = Automatic;
				DEVELOPMENT_ASSET_PATHS = "\"HabitRabbit/Preview Content\"";
				ENABLE_PREVIEWS = YES;
				INFOPLIST_FILE = HabitRabbit/Info.plist;
				IPHONEOS_DEPLOYMENT_TARGET = 14.0;
				LD_RUNPATH_SEARCH_PATHS = (
					"$(inherited)",
					"@executable_path/Frameworks",
				);
				PRODUCT_BUNDLE_IDENTIFIER = me.salo.marjo.HabitRabbit;
				PRODUCT_NAME = "$(TARGET_NAME)";
				SWIFT_VERSION = 5.0;
				TARGETED_DEVICE_FAMILY = 1;
			};
			name = Debug;
		};
		86499B52261656DD00901BAB /* Release */ = {
			isa = XCBuildConfiguration;
			buildSettings = {
				ASSETCATALOG_COMPILER_APPICON_NAME = AppIcon;
				ASSETCATALOG_COMPILER_GLOBAL_ACCENT_COLOR_NAME = AccentColor;
				CODE_SIGN_STYLE = Automatic;
				DEVELOPMENT_ASSET_PATHS = "\"HabitRabbit/Preview Content\"";
				ENABLE_PREVIEWS = YES;
				INFOPLIST_FILE = HabitRabbit/Info.plist;
				IPHONEOS_DEPLOYMENT_TARGET = 14.0;
				LD_RUNPATH_SEARCH_PATHS = (
					"$(inherited)",
					"@executable_path/Frameworks",
				);
				PRODUCT_BUNDLE_IDENTIFIER = me.salo.marjo.HabitRabbit;
				PRODUCT_NAME = "$(TARGET_NAME)";
				SWIFT_VERSION = 5.0;
				TARGETED_DEVICE_FAMILY = 1;
			};
			name = Release;
		};
/* End XCBuildConfiguration section */

/* Begin XCConfigurationList section */
		86499B3C261656D500901BAB /* Build configuration list for PBXProject "HabitRabbit" */ = {
			isa = XCConfigurationList;
			buildConfigurations = (
				86499B4E261656DD00901BAB /* Debug */,
				86499B4F261656DD00901BAB /* Release */,
			);
			defaultConfigurationIsVisible = 0;
			defaultConfigurationName = Release;
		};
		86499B50261656DD00901BAB /* Build configuration list for PBXNativeTarget "HabitRabbit" */ = {
			isa = XCConfigurationList;
			buildConfigurations = (
				86499B51261656DD00901BAB /* Debug */,
				86499B52261656DD00901BAB /* Release */,
			);
			defaultConfigurationIsVisible = 0;
			defaultConfigurationName = Release;
		};
/* End XCConfigurationList section */
	};
	rootObject = 86499B39261656D500901BAB /* Project object */;
}
